{
  "name": "cmsw_figth",
  "lockfileVersion": 3,
  "requires": true,
  "packages": {
    "": {
      "dependencies": {
        "@rolldown/binding-wasm32-wasi": "^1.2.12"
      }
    },
    "node_modules/@emnapi/core": {
      "version": "2.0.0-alpha.5",
      "resolved": "https://registry.npmjs.org/@emnapi/core/-/core-2.0.0-alpha.5.tgz",
      "integrity": "sha512-DbeLFquQJyYGwM3LzPdjvb4IRmAAQuTzEmqUGtIAYxlAO4ArfUZ7WMytLWDSsCAYm6MZJNeojaawQQiFrFVehg==",
      "license": "MIT",
      "dependencies": {
        "@emnapi/wasi-threads": "2.1.0",
        "tslib": "^2.4.0"
      }
    },
    "node_modules/@emnapi/runtime": {
      "version": "2.0.0-alpha.5",
      "resolved": "https://registry.npmjs.org/@emnapi/runtime/-/runtime-2.0.0-alpha.5.tgz",
      "integrity": "sha512-SS4jUXRklsrPKTEtW92WHdneh9QBrZGmRyeYEac2ktLN3ie1wd/BrkBbk4DqPWKhjSFfrR8NClXwMlfZ73m60A==",
      "license": "MIT",
      "dependencies": {
        "tslib": "^2.4.0"
      }
    },
    "node_modules/@emnapi/wasi-threads": {
      "version": "2.1.0",
      "resolved": "https://registry.npmjs.org/@emnapi/wasi-threads/-/wasi-threads-2.1.0.tgz",
      "integrity": "sha512-DM18NXgQ5coifswrwhFgrqeW/UiFRaLj0aLKU0cp0FoYjEfP/hj/yUeF+Hz754ViG+jQmG2HIeDCUeQsPnRwOA==",
      "license": "MIT",
      "dependencies": {
        "tslib": "^2.4.0"
      }
    },
    "node_modules/@napi-rs/wasm-runtime": {
      "version": "1.2.5",
      "resolved": "https://registry.npmjs.org/@napi-rs/wasm-runtime/-/wasm-runtime-1.2.5.tgz",
      "integrity": "sha512-HshSvXzmBxNzqejd3k/KemgQ3hdREUYFRRrgxOZ+gPljDIsO2SDZrVZMd4Z/HsxudQbE62OVyVFE8z9BCurfjA==",
      "license": "MIT",
      "dependencies": {
        "@tybys/wasm-util": "^0.10.3"
      },
      "engines": {
        "node": "^20.19.0 || ^22.13.0 || >=23.5.0"
      },
      "funding": {
        "type": "github",
        "url": "https://github.com/sponsors/Brooooooklyn"
      },
      "peerDependencies": {
        "@emnapi/core": "^1.7.1 || ^2.0.0-alpha.4",
        "@emnapi/runtime": "^1.7.1 || ^2.0.0-alpha.4"
      }
    },
    "node_modules/@rolldown/binding-wasm32-wasi": {
      "version": "1.2.12",
      "resolved": "https://registry.npmjs.org/@rolldown/binding-wasm32-wasi/-/binding-wasm32-wasi-1.2.12.tgz",
      "integrity": "sha512-W4Rd/B8pkFE8CNhWPqwBuAWgZOMLHKGvIHRtU+DAB/lssA5OyknGVaf2S8CkZK+MWyE2C/NIOmU7wHyQzztPwQ==",
      "license": "MIT",
      "dependencies": {
        "@emnapi/core": "2.0.0-alpha.5",
        "@emnapi/runtime": "2.0.0-alpha.5",
        "@napi-rs/wasm-runtime": "~1.2.4"
      },
      "engines": {
        "node": "^20.19.0 || ^22.13.0 || >=23.5.0"
      }
    },
    "node_modules/@tybys/wasm-util": {
      "version": "0.10.4",
      "resolved": "https://registry.npmjs.org/@tybys/wasm-util/-/wasm-util-0.10.4.tgz",
      "integrity": "sha512-W3c4gRigFS0T/Ma4qIYF3GDAc5AQdHb1yL5znJT1Zv1YaD9Kitx656wBjvr19qbiosmZT8lWDM5BEMynUqX65A==",
      "license": "MIT",
      "dependencies": {
        "tslib": "^2.4.0"
      }
    },
    "node_modules/tslib": {
      "version": "2.8.1",
      "resolved": "https://registry.npmjs.org/tslib/-/tslib-2.8.1.tgz",
      "integrity": "sha512-oJFu94HQb+KVduSUQL7wnpmqnfmLsOA/nAh6b6EH0wCEoK0/mPeXU6c3wKDV83MkOuHPRHtSXKKU99IBazS/2w==",
      "license": "0BSD"
    }
  }
}
